
Microsoft Visual Studio Solution File, Format Version 12.00
# Visual Studio 2013
VisualStudioVersion = 12.0.40629.0
MinimumVisualStudioVersion = 10.0.40219.1
Project("{FAE04EC0-301F-11D3-BF4B-00C04F79EFBC}") = "CsScripter", "CsScripter\CsScripter.csproj", "{1DA2D482-5C83-4DCB-8878-1042669A591F}"
EndProject
Project("{FAE04EC0-301F-11D3-BF4B-00C04F79EFBC}") = "CsScripterLib", "CsScripterLib\CsScripterLib.csproj", "{9CA228F8-C14A-49A8-9FC0-3F4739DB51D9}"
EndProject
Global
	GlobalSection(SolutionConfigurationPlatforms) = preSolution
		Debug|Any CPU = Debug|Any CPU
		Release|Any CPU = Release|Any CPU
	EndGlobalSection
	GlobalSection(ProjectConfigurationPlatforms) = postSolution
		{1DA2D482-5C83-4DCB-8878-1042669A591F}.Debug|Any CPU.ActiveCfg = Debug|Any CPU
		{1DA2D482-5C83-4DCB-8878-1042669A591F}.Debug|Any CPU.Build.0 = Debug|Any CPU
		{1DA2D482-5C83-4DCB-8878-1042669A591F}.Release|Any CPU.ActiveCfg = Release|Any CPU
		{1DA2D482-5C83-4DCB-8878-1042669A591F}.Release|Any CPU.Build.0 = Release|Any CPU
		{9CA228F8-C14A-49A8-9FC0-3F4739DB51D9}.Debug|Any CPU.ActiveCfg = Debug|Any CPU
		{9CA228F8-C14A-49A8-9FC0-3F4739DB51D9}.Debug|Any CPU.Build.0 = Debug|Any CPU
		{9CA228F8-C14A-49A8-9FC0-3F4739DB51D9}.Release|Any CPU.ActiveCfg = Release|Any CPU
		{9CA228F8-C14A-49A8-9FC0-3F4739DB51D9}.Release|Any CPU.Build.0 = Release|Any CPU
	EndGlobalSection
	GlobalSection(SolutionProperties) = preSolution
		HideSolutionNode = FALSE
	EndGlobalSection
EndGlobal
